<?xml version="1.0" encoding="UTF-8" standalone="yes" ?>
<CodeBlocks_project_file>
	<FileVersion major="1" minor="6" />
	<Project>
		<Option title="StarLight" />
		<Option pch_mode="2" />
		<Option compiler="gcc" />
		<Build>
			<Target title="Debug">
				<Option output="../bin/Debug/StarLight" prefix_auto="1" extension_auto="1" />
				<Option object_output="../obj/Debug/" />
				<Option type="1" />
				<Option compiler="gcc" />
				<Compiler>
					<Add option="-g" />
					<Add directory="../../SDL2_64/include" />
				</Compiler>
				<Linker>
					<Add option="-lmingw32 -lSDL2main -lSDL2  -lSDL2_image -lSDL2_net" />
					<Add directory="../../SDL2_64/lib" />
				</Linker>
			</Target>
			<Target title="Release">
				<Option output="../bin/Release/StarLight" prefix_auto="1" extension_auto="1" />
				<Option object_output="../obj/Release/" />
				<Option type="1" />
				<Option compiler="gcc" />
				<Compiler>
					<Add option="-O2" />
					<Add directory="engine" />
					<Add directory="entity/" />
					<Add directory="engine/" />
				</Compiler>
				<Linker>
					<Add option="-s" />
				</Linker>
			</Target>
		</Build>
		<Compiler>
			<Add option="-std=c++0x" />
			<Add option="-Wall" />
		</Compiler>
		<Unit filename="NetNight/NetNight.cpp" />
		<Unit filename="NetNight/NetNight.hpp" />
		<Unit filename="engine/camera.cpp" />
		<Unit filename="engine/camera.h" />
		<Unit filename="engine/control.cpp" />
		<Unit filename="engine/control.h" />
		<Unit filename="engine/display.cpp" />
		<Unit filename="engine/display.h" />
		<Unit filename="engine/engine.cpp" />
		<Unit filename="engine/engine.h" />
		<Unit filename="engine/framenrate.cpp" />
		<Unit filename="engine/framenrate.h" />
		<Unit filename="engine/graphic.cpp" />
		<Unit filename="engine/graphic.h" />
		<Unit filename="engine/input.cpp" />
		<Unit filename="engine/input.h" />
		<Unit filename="entity/cell.cpp" />
		<Unit filename="entity/cell.h" />
		<Unit filename="entity/entity.cpp" />
		<Unit filename="entity/entity.h" />
		<Unit filename="main.cpp">
			<Option compilerVar="CC" />
		</Unit>
		<Extensions>
			<code_completion />
			<envvars />
			<debugger />
			<lib_finder disable_auto="1" />
		</Extensions>
	</Project>
</CodeBlocks_project_file>
